
Microsoft Visual Studio Solution File, Format Version 12.00
# Visual Studio 15
VisualStudioVersion = 15.0.26730.16
MinimumVisualStudioVersion = 10.0.40219.1
Project("{FAE04EC0-301F-11D3-BF4B-00C04F79EFBC}") = "SaftbotII", "SaftbotII\SaftbotII.csproj", "{2C02999B-4688-49B6-A12C-7FEC01C76C26}"
EndProject
Global
	GlobalSection(SolutionConfigurationPlatforms) = preSolution
		Debug|Any CPU = Debug|Any CPU
		Release|Any CPU = Release|Any CPU
	EndGlobalSection
	GlobalSection(ProjectConfigurationPlatforms) = postSolution
		{2C02999B-4688-49B6-A12C-7FEC01C76C26}.Debug|Any CPU.ActiveCfg = Debug|Any CPU
		{2C02999B-4688-49B6-A12C-7FEC01C76C26}.Debug|Any CPU.Build.0 = Debug|Any CPU
		{2C02999B-4688-49B6-A12C-7FEC01C76C26}.Release|Any CPU.ActiveCfg = Release|Any CPU
		{2C02999B-4688-49B6-A12C-7FEC01C76C26}.Release|Any CPU.Build.0 = Release|Any CPU
	EndGlobalSection
	GlobalSection(SolutionProperties) = preSolution
		HideSolutionNode = FALSE
	EndGlobalSection
	GlobalSection(ExtensibilityGlobals) = postSolution
		SolutionGuid = {EEE1C47B-AEEC-4942-BE9D-D4138747B189}
	EndGlobalSection
EndGlobal
